
Microsoft Visual Studio Solution File, Format Version 12.00
# Visual Studio Version 17
VisualStudioVersion = 17.14.36401.2 d17.14
MinimumVisualStudioVersion = 10.0.40219.1
Project("{FAE04EC0-301F-11D3-BF4B-00C04F79EFBC}") = "Portfolio.Web", "Portfolio.Web\Portfolio.Web.csproj", "{FA5BF927-0F43-4776-B7F2-5D760321984E}"
EndProject
Global
	GlobalSection(SolutionConfigurationPlatforms) = preSolution
		Debug|Any CPU = Debug|Any CPU
		Release|Any CPU = Release|Any CPU
	EndGlobalSection
	GlobalSection(ProjectConfigurationPlatforms) = postSolution
		{FA5BF927-0F43-4776-B7F2-5D760321984E}.Debug|Any CPU.ActiveCfg = Debug|Any CPU
		{FA5BF927-0F43-4776-B7F2-5D760321984E}.Debug|Any CPU.Build.0 = Debug|Any CPU
		{FA5BF927-0F43-4776-B7F2-5D760321984E}.Release|Any CPU.ActiveCfg = Release|Any CPU
		{FA5BF927-0F43-4776-B7F2-5D760321984E}.Release|Any CPU.Build.0 = Release|Any CPU
	EndGlobalSection
	GlobalSection(SolutionProperties) = preSolution
		HideSolutionNode = FALSE
	EndGlobalSection
	GlobalSection(ExtensibilityGlobals) = postSolution
		SolutionGuid = {454A385A-C491-4F3C-B74B-1F79765C52F0}
	EndGlobalSection
EndGlobal
